
Microsoft Visual Studio Solution File, Format Version 12.00
# Visual Studio Version 17
VisualStudioVersion = 17.0.31903.59
MinimumVisualStudioVersion = 10.0.40219.1
Project("{2150E333-8FDC-42A3-9474-1A3956D46DE8}") = "src", "src", "{827E0CD3-B72D-47B6-A68D-7590B98EB39B}"
EndProject
Project("{FAE04EC0-301F-11D3-BF4B-00C04F79EFBC}") = "Admin.Client", "src\Admin.Client\Admin.Client.csproj", "{FDB0AE7E-B0D4-4517-A5E9-DA027B6587E3}"
EndProject
Project("{FAE04EC0-301F-11D3-BF4B-00C04F79EFBC}") = "Admin.Server", "src\Admin.Server\Admin.Server.csproj", "{BAC184EA-C43C-4DFD-A495-F2955A522D2F}"
EndProject
Project("{FAE04EC0-301F-11D3-BF4B-00C04F79EFBC}") = "Admin.Shared", "src\Admin.Shared\Admin.Shared.csproj", "{F4A976E0-41B0-493B-9519-A2D6A968DC49}"
EndProject
Global
	GlobalSection(SolutionConfigurationPlatforms) = preSolution
		Debug|Any CPU = Debug|Any CPU
		Debug|x64 = Debug|x64
		Debug|x86 = Debug|x86
		Release|Any CPU = Release|Any CPU
		Release|x64 = Release|x64
		Release|x86 = Release|x86
	EndGlobalSection
	GlobalSection(ProjectConfigurationPlatforms) = postSolution
		{FDB0AE7E-B0D4-4517-A5E9-DA027B6587E3}.Debug|Any CPU.ActiveCfg = Debug|Any CPU
		{FDB0AE7E-B0D4-4517-A5E9-DA027B6587E3}.Debug|Any CPU.Build.0 = Debug|Any CPU
		{FDB0AE7E-B0D4-4517-A5E9-DA027B6587E3}.Debug|x64.ActiveCfg = Debug|Any CPU
		{FDB0AE7E-B0D4-4517-A5E9-DA027B6587E3}.Debug|x64.Build.0 = Debug|Any CPU
		{FDB0AE7E-B0D4-4517-A5E9-DA027B6587E3}.Debug|x86.ActiveCfg = Debug|Any CPU
		{FDB0AE7E-B0D4-4517-A5E9-DA027B6587E3}.Debug|x86.Build.0 = Debug|Any CPU
		{FDB0AE7E-B0D4-4517-A5E9-DA027B6587E3}.Release|Any CPU.ActiveCfg = Release|Any CPU
		{FDB0AE7E-B0D4-4517-A5E9-DA027B6587E3}.Release|Any CPU.Build.0 = Release|Any CPU
		{FDB0AE7E-B0D4-4517-A5E9-DA027B6587E3}.Release|x64.ActiveCfg = Release|Any CPU
		{FDB0AE7E-B0D4-4517-A5E9-DA027B6587E3}.Release|x64.Build.0 = Release|Any CPU
		{FDB0AE7E-B0D4-4517-A5E9-DA027B6587E3}.Release|x86.ActiveCfg = Release|Any CPU
		{FDB0AE7E-B0D4-4517-A5E9-DA027B6587E3}.Release|x86.Build.0 = Release|Any CPU
		{BAC184EA-C43C-4DFD-A495-F2955A522D2F}.Debug|Any CPU.ActiveCfg = Debug|Any CPU
		{BAC184EA-C43C-4DFD-A495-F2955A522D2F}.Debug|Any CPU.Build.0 = Debug|Any CPU
		{BAC184EA-C43C-4DFD-A495-F2955A522D2F}.Debug|x64.ActiveCfg = Debug|Any CPU
		{BAC184EA-C43C-4DFD-A495-F2955A522D2F}.Debug|x64.Build.0 = Debug|Any CPU
		{BAC184EA-C43C-4DFD-A495-F2955A522D2F}.Debug|x86.ActiveCfg = Debug|Any CPU
		{BAC184EA-C43C-4DFD-A495-F2955A522D2F}.Debug|x86.Build.0 = Debug|Any CPU
		{BAC184EA-C43C-4DFD-A495-F2955A522D2F}.Release|Any CPU.ActiveCfg = Release|Any CPU
		{BAC184EA-C43C-4DFD-A495-F2955A522D2F}.Release|Any CPU.Build.0 = Release|Any CPU
		{BAC184EA-C43C-4DFD-A495-F2955A522D2F}.Release|x64.ActiveCfg = Release|Any CPU
		{BAC184EA-C43C-4DFD-A495-F2955A522D2F}.Release|x64.Build.0 = Release|Any CPU
		{BAC184EA-C43C-4DFD-A495-F2955A522D2F}.Release|x86.ActiveCfg = Release|Any CPU
		{BAC184EA-C43C-4DFD-A495-F2955A522D2F}.Release|x86.Build.0 = Release|Any CPU
		{F4A976E0-41B0-493B-9519-A2D6A968DC49}.Debug|Any CPU.ActiveCfg = Debug|Any CPU
		{F4A976E0-41B0-493B-9519-A2D6A968DC49}.Debug|Any CPU.Build.0 = Debug|Any CPU
		{F4A976E0-41B0-493B-9519-A2D6A968DC49}.Debug|x64.ActiveCfg = Debug|Any CPU
		{F4A976E0-41B0-493B-9519-A2D6A968DC49}.Debug|x64.Build.0 = Debug|Any CPU
		{F4A976E0-41B0-493B-9519-A2D6A968DC49}.Debug|x86.ActiveCfg = Debug|Any CPU
		{F4A976E0-41B0-493B-9519-A2D6A968DC49}.Debug|x86.Build.0 = Debug|Any CPU
		{F4A976E0-41B0-493B-9519-A2D6A968DC49}.Release|Any CPU.ActiveCfg = Release|Any CPU
		{F4A976E0-41B0-493B-9519-A2D6A968DC49}.Release|Any CPU.Build.0 = Release|Any CPU
		{F4A976E0-41B0-493B-9519-A2D6A968DC49}.Release|x64.ActiveCfg = Release|Any CPU
		{F4A976E0-41B0-493B-9519-A2D6A968DC49}.Release|x64.Build.0 = Release|Any CPU
		{F4A976E0-41B0-493B-9519-A2D6A968DC49}.Release|x86.ActiveCfg = Release|Any CPU
		{F4A976E0-41B0-493B-9519-A2D6A968DC49}.Release|x86.Build.0 = Release|Any CPU
	EndGlobalSection
	GlobalSection(SolutionProperties) = preSolution
		HideSolutionNode = FALSE
	EndGlobalSection
	GlobalSection(NestedProjects) = preSolution
		{FDB0AE7E-B0D4-4517-A5E9-DA027B6587E3} = {827E0CD3-B72D-47B6-A68D-7590B98EB39B}
		{BAC184EA-C43C-4DFD-A495-F2955A522D2F} = {827E0CD3-B72D-47B6-A68D-7590B98EB39B}
		{F4A976E0-41B0-493B-9519-A2D6A968DC49} = {827E0CD3-B72D-47B6-A68D-7590B98EB39B}
	EndGlobalSection
EndGlobal
